
Microsoft Visual Studio Solution File, Format Version 12.00
# Visual Studio Version 17
VisualStudioVersion = 17.11.35312.102
MinimumVisualStudioVersion = 10.0.40219.1
Project("{FAE04EC0-301F-11D3-BF4B-00C04F79EFBC}") = "WindowsFormsApp1", "WindowsFormsApp1\WindowsFormsApp1.csproj", "{56AB60FC-E02B-401A-BAD5-1E8F7E4DA6DA}"
EndProject
Global
	GlobalSection(SolutionConfigurationPlatforms) = preSolution
		Debug|Any CPU = Debug|Any CPU
		Release|Any CPU = Release|Any CPU
	EndGlobalSection
	GlobalSection(ProjectConfigurationPlatforms) = postSolution
		{56AB60FC-E02B-401A-BAD5-1E8F7E4DA6DA}.Debug|Any CPU.ActiveCfg = Debug|Any CPU
		{56AB60FC-E02B-401A-BAD5-1E8F7E4DA6DA}.Debug|Any CPU.Build.0 = Debug|Any CPU
		{56AB60FC-E02B-401A-BAD5-1E8F7E4DA6DA}.Release|Any CPU.ActiveCfg = Release|Any CPU
		{56AB60FC-E02B-401A-BAD5-1E8F7E4DA6DA}.Release|Any CPU.Build.0 = Release|Any CPU
	EndGlobalSection
	GlobalSection(SolutionProperties) = preSolution
		HideSolutionNode = FALSE
	EndGlobalSection
	GlobalSection(ExtensibilityGlobals) = postSolution
		SolutionGuid = {3F097101-56EA-41C6-8601-2E24D864BDEE}
	EndGlobalSection
EndGlobal
